// !$*UTF8*$!
{
	archiveVersion = 1;
	classes = {
	};
	objectVersion = 46;
	objects = {

/* Begin PBXBuildFile section */
		CA1B4104165F30A8003A8BA5 /* DBConfig.plist in Resources */ = {isa = PBXBuildFile; fileRef = CA1B4103165F30A8003A8BA5 /* DBConfig.plist */; };
		CA1B4107165F3B43003A8BA5 /* ScheduleViewController.m in Sources */ = {isa = PBXBuildFile; fileRef = CA1B4106165F3B43003A8BA5 /* ScheduleViewController.m */; };
		CA4F7281166B088F00FFEC8A /* About-bg.png in Resources */ = {isa = PBXBuildFile; fileRef = CA4F7248166B088E00FFEC8A /* About-bg.png */; };
		CA4F7282166B088F00FFEC8A /* About-pad-bg.png in Resources */ = {isa = PBXBuildFile; fileRef = CA4F7249166B088E00FFEC8A /* About-pad-bg.png */; };
		CA4F7283166B088F00FFEC8A /* About.png in Resources */ = {isa = PBXBuildFile; fileRef = CA4F724A166B088E00FFEC8A /* About.png */; };
		CA4F7284166B088F00FFEC8A /* About@2x.png in Resources */ = {isa = PBXBuildFile; fileRef = CA4F724B166B088E00FFEC8A /* About@2x.png */; };
		CA4F7285166B088F00FFEC8A /* CountDown-bg.png in Resources */ = {isa = PBXBuildFile; fileRef = CA4F724C166B088E00FFEC8A /* CountDown-bg.png */; };
		CA4F7286166B088F00FFEC8A /* CountDown-ipad-bg.png in Resources */ = {isa = PBXBuildFile; fileRef = CA4F724D166B088E00FFEC8A /* CountDown-ipad-bg.png */; };
		CA4F7287166B088F00FFEC8A /* CountDown.png in Resources */ = {isa = PBXBuildFile; fileRef = CA4F724E166B088E00FFEC8A /* CountDown.png */; };
		CA4F7288166B088F00FFEC8A /* CountDown@2x.png in Resources */ = {isa = PBXBuildFile; fileRef = CA4F724F166B088E00FFEC8A /* CountDown@2x.png */; };
		CA4F7289166B088F00FFEC8A /* archery.gif in Resources */ = {isa = PBXBuildFile; fileRef = CA4F7251166B088E00FFEC8A /* archery.gif */; };
		CA4F728A166B088F00FFEC8A /* athletics.gif in Resources */ = {isa = PBXBuildFile; fileRef = CA4F7252166B088E00FFEC8A /* athletics.gif */; };
		CA4F728B166B088F00FFEC8A /* badminton.gif in Resources */ = {isa = PBXBuildFile; fileRef = CA4F7253166B088E00FFEC8A /* badminton.gif */; };
		CA4F728C166B088F00FFEC8A /* basketball.gif in Resources */ = {isa = PBXBuildFile; fileRef = CA4F7254166B088E00FFEC8A /* basketball.gif */; };
		CA4F728D166B088F00FFEC8A /* beach-volleyball.gif in Resources */ = {isa = PBXBuildFile; fileRef = CA4F7255166B088E00FFEC8A /* beach-volleyball.gif */; };
		CA4F728E166B088F00FFEC8A /* boxing.gif in Resources */ = {isa = PBXBuildFile; fileRef = CA4F7256166B088E00FFEC8A /* boxing.gif */; };
		CA4F728F166B088F00FFEC8A /* canoe-slalom.gif in Resources */ = {isa = PBXBuildFile; fileRef = CA4F7257166B088E00FFEC8A /* canoe-slalom.gif */; };
		CA4F7290166B088F00FFEC8A /* canoe-sprint.gif in Resources */ = {isa = PBXBuildFile; fileRef = CA4F7258166B088E00FFEC8A /* canoe-sprint.gif */; };
		CA4F7291166B088F00FFEC8A /* cycling-bmx.gif in Resources */ = {isa = PBXBuildFile; fileRef = CA4F7259166B088E00FFEC8A /* cycling-bmx.gif */; };
		CA4F7292166B088F00FFEC8A /* cycling-mountain-bike.gif in Resources */ = {isa = PBXBuildFile; fileRef = CA4F725A166B088E00FFEC8A /* cycling-mountain-bike.gif */; };
		CA4F7293166B088F00FFEC8A /* cycling-road.gif in Resources */ = {isa = PBXBuildFile; fileRef = CA4F725B166B088E00FFEC8A /* cycling-road.gif */; };
		CA4F7294166B088F00FFEC8A /* cycling-track.gif in Resources */ = {isa = PBXBuildFile; fileRef = CA4F725C166B088E00FFEC8A /* cycling-track.gif */; };
		CA4F7295166B088F00FFEC8A /* diving.gif in Resources */ = {isa = PBXBuildFile; fileRef = CA4F725D166B088E00FFEC8A /* diving.gif */; };
		CA4F7296166B088F00FFEC8A /* equestrian-dressage.gif in Resources */ = {isa = PBXBuildFile; fileRef = CA4F725E166B088E00FFEC8A /* equestrian-dressage.gif */; };
		CA4F7297166B088F00FFEC8A /* equestrian-eventing.gif in Resources */ = {isa = PBXBuildFile; fileRef = CA4F725F166B088E00FFEC8A /* equestrian-eventing.gif */; };
		CA4F7298166B088F00FFEC8A /* equestrian-jumping.gif in Resources */ = {isa = PBXBuildFile; fileRef = CA4F7260166B088E00FFEC8A /* equestrian-jumping.gif */; };
		CA4F7299166B088F00FFEC8A /* fencing.gif in Resources */ = {isa = PBXBuildFile; fileRef = CA4F7261166B088E00FFEC8A /* fencing.gif */; };
		CA4F729A166B088F00FFEC8A /* football.gif in Resources */ = {isa = PBXBuildFile; fileRef = CA4F7262166B088E00FFEC8A /* football.gif */; };
		CA4F729B166B088F00FFEC8A /* golf.gif in Resources */ = {isa = PBXBuildFile; fileRef = CA4F7263166B088E00FFEC8A /* golf.gif */; };
		CA4F729C166B088F00FFEC8A /* gymnastics-artistic.gif in Resources */ = {isa = PBXBuildFile; fileRef = CA4F7264166B088E00FFEC8A /* gymnastics-artistic.gif */; };
		CA4F729D166B088F00FFEC8A /* gymnastics-rhythmic.gif in Resources */ = {isa = PBXBuildFile; fileRef = CA4F7265166B088E00FFEC8A /* gymnastics-rhythmic.gif */; };
		CA4F729E166B088F00FFEC8A /* gymnastics-trampoline.gif in Resources */ = {isa = PBXBuildFile; fileRef = CA4F7266166B088E00FFEC8A /* gymnastics-trampoline.gif */; };
		CA4F729F166B088F00FFEC8A /* handball.gif in Resources */ = {isa = PBXBuildFile; fileRef = CA4F7267166B088E00FFEC8A /* handball.gif */; };
		CA4F72A0166B088F00FFEC8A /* hockey.gif in Resources */ = {isa = PBXBuildFile; fileRef = CA4F7268166B088E00FFEC8A /* hockey.gif */; };
		CA4F72A1166B088F00FFEC8A /* judo.gif in Resources */ = {isa = PBXBuildFile; fileRef = CA4F7269166B088E00FFEC8A /* judo.gif */; };
		CA4F72A2166B088F00FFEC8A /* modern-pentathlon.gif in Resources */ = {isa = PBXBuildFile; fileRef = CA4F726A166B088E00FFEC8A /* modern-pentathlon.gif */; };
		CA4F72A3166B088F00FFEC8A /* rowing.gif in Resources */ = {isa = PBXBuildFile; fileRef = CA4F726B166B088E00FFEC8A /* rowing.gif */; };
		CA4F72A4166B088F00FFEC8A /* rugby.gif in Resources */ = {isa = PBXBuildFile; fileRef = CA4F726C166B088E00FFEC8A /* rugby.gif */; };
		CA4F72A5166B088F00FFEC8A /* sailing.gif in Resources */ = {isa = PBXBuildFile; fileRef = CA4F726D166B088E00FFEC8A /* sailing.gif */; };
		CA4F72A6166B088F00FFEC8A /* shooting.gif in Resources */ = {isa = PBXBuildFile; fileRef = CA4F726E166B088E00FFEC8A /* shooting.gif */; };
		CA4F72A7166B088F00FFEC8A /* swimming.gif in Resources */ = {isa = PBXBuildFile; fileRef = CA4F726F166B088E00FFEC8A /* swimming.gif */; };
		CA4F72A8166B088F00FFEC8A /* synchronised-swimming.gif in Resources */ = {isa = PBXBuildFile; fileRef = CA4F7270166B088E00FFEC8A /* synchronised-swimming.gif */; };
		CA4F72A9166B088F00FFEC8A /* table-tennis.gif in Resources */ = {isa = PBXBuildFile; fileRef = CA4F7271166B088E00FFEC8A /* table-tennis.gif */; };
		CA4F72AA166B088F00FFEC8A /* taekwondo.gif in Resources */ = {isa = PBXBuildFile; fileRef = CA4F7272166B088E00FFEC8A /* taekwondo.gif */; };
		CA4F72AB166B088F00FFEC8A /* tennis.gif in Resources */ = {isa = PBXBuildFile; fileRef = CA4F7273166B088E00FFEC8A /* tennis.gif */; };
		CA4F72AC166B088F00FFEC8A /* triathlon.gif in Resources */ = {isa = PBXBuildFile; fileRef = CA4F7274166B088E00FFEC8A /* triathlon.gif */; };
		CA4F72AD166B088F00FFEC8A /* volleyball.gif in Resources */ = {isa = PBXBuildFile; fileRef = CA4F7275166B088E00FFEC8A /* volleyball.gif */; };
		CA4F72AE166B088F00FFEC8A /* water-polo.gif in Resources */ = {isa = PBXBuildFile; fileRef = CA4F7276166B088E00FFEC8A /* water-polo.gif */; };
		CA4F72AF166B088F00FFEC8A /* weightlifting.gif in Resources */ = {isa = PBXBuildFile; fileRef = CA4F7277166B088E00FFEC8A /* weightlifting.gif */; };
		CA4F72B0166B088F00FFEC8A /* wrestling.gif in Resources */ = {isa = PBXBuildFile; fileRef = CA4F7278166B088E00FFEC8A /* wrestling.gif */; };
		CA4F72B1166B088F00FFEC8A /* Events.png in Resources */ = {isa = PBXBuildFile; fileRef = CA4F7279166B088E00FFEC8A /* Events.png */; };
		CA4F72B2166B088F00FFEC8A /* Events@2x.png in Resources */ = {isa = PBXBuildFile; fileRef = CA4F727A166B088E00FFEC8A /* Events@2x.png */; };
		CA4F72B3166B088F00FFEC8A /* Home-bg.png in Resources */ = {isa = PBXBuildFile; fileRef = CA4F727B166B088E00FFEC8A /* Home-bg.png */; };
		CA4F72B4166B088F00FFEC8A /* Home-ipad-bg.png in Resources */ = {isa = PBXBuildFile; fileRef = CA4F727C166B088E00FFEC8A /* Home-ipad-bg.png */; };
		CA4F72B5166B088F00FFEC8A /* Home.png in Resources */ = {isa = PBXBuildFile; fileRef = CA4F727D166B088E00FFEC8A /* Home.png */; };
		CA4F72B6166B088F00FFEC8A /* Home@2x.png in Resources */ = {isa = PBXBuildFile; fileRef = CA4F727E166B088E00FFEC8A /* Home@2x.png */; };
		CA4F72B7166B088F00FFEC8A /* Schedule.png in Resources */ = {isa = PBXBuildFile; fileRef = CA4F727F166B088E00FFEC8A /* Schedule.png */; };
		CA4F72B8166B088F00FFEC8A /* Schedule@2x.png in Resources */ = {isa = PBXBuildFile; fileRef = CA4F7280166B088E00FFEC8A /* Schedule@2x.png */; };
		CA4F72F8166B7B9B00FFEC8A /* Icon.png in Resources */ = {isa = PBXBuildFile; fileRef = CA4F72F6166B7B9B00FFEC8A /* Icon.png */; };
		CA4F72F9166B7B9B00FFEC8A /* Icon@2x.png in Resources */ = {isa = PBXBuildFile; fileRef = CA4F72F7166B7B9B00FFEC8A /* Icon@2x.png */; };
		CA4F72FC166B7E9D00FFEC8A /* Icon-72.png in Resources */ = {isa = PBXBuildFile; fileRef = CA4F72FA166B7E9D00FFEC8A /* Icon-72.png */; };
		CA4F72FD166B7E9D00FFEC8A /* Icon-72@2x.png in Resources */ = {isa = PBXBuildFile; fileRef = CA4F72FB166B7E9D00FFEC8A /* Icon-72@2x.png */; };
		CA4F7300166B823400FFEC8A /* Default-Portrait@2x~ipad.png in Resources */ = {isa = PBXBuildFile; fileRef = CA4F72FE166B823300FFEC8A /* Default-Portrait@2x~ipad.png */; };
		CA4F7301166B823400FFEC8A /* Default-Portrait~ipad.png in Resources */ = {isa = PBXBuildFile; fileRef = CA4F72FF166B823300FFEC8A /* Default-Portrait~ipad.png */; };
		CA620FDF1660766100EDE54E /* EventsDetailViewController.m in Sources */ = {isa = PBXBuildFile; fileRef = CA620FDA1660766100EDE54E /* EventsDetailViewController.m */; };
		CA620FE01660766100EDE54E /* EventsViewController.m in Sources */ = {isa = PBXBuildFile; fileRef = CA620FDC1660766100EDE54E /* EventsViewController.m */; };
		CA989D15165E5F6E003925DD /* EventsViewCell.m in Sources */ = {isa = PBXBuildFile; fileRef = CA989D14165E5F6E003925DD /* EventsViewCell.m */; };
		CA989D18165E6051003925DD /* create_load.sql in Resources */ = {isa = PBXBuildFile; fileRef = CA989D17165E6051003925DD /* create_load.sql */; };
		CAAF08A51660C10B005E2721 /* libGoogleAdMobAds.a in Frameworks */ = {isa = PBXBuildFile; fileRef = CAAF08A41660C10B005E2721 /* libGoogleAdMobAds.a */; };
		CAAF08A81660C357005E2721 /* AboutViewController.m in Sources */ = {isa = PBXBuildFile; fileRef = CAAF08A71660C357005E2721 /* AboutViewController.m */; };
		CAAF08AA1660C597005E2721 /* StoreKit.framework in Frameworks */ = {isa = PBXBuildFile; fileRef = CAAF08A91660C597005E2721 /* StoreKit.framework */; };
		CAAF08AC1660C5A1005E2721 /* AudioToolbox.framework in Frameworks */ = {isa = PBXBuildFile; fileRef = CAAF08AB1660C5A1005E2721 /* AudioToolbox.framework */; };
		CAAF08AE1660C5A7005E2721 /* MessageUI.framework in Frameworks */ = {isa = PBXBuildFile; fileRef = CAAF08AD1660C5A7005E2721 /* MessageUI.framework */; };
		CAAF08B01660C5B3005E2721 /* SystemConfiguration.framework in Frameworks */ = {isa = PBXBuildFile; fileRef = CAAF08AF1660C5B3005E2721 /* SystemConfiguration.framework */; };
		CAAF08B21660C5C4005E2721 /* AdSupport.framework in Frameworks */ = {isa = PBXBuildFile; fileRef = CAAF08B11660C5C4005E2721 /* AdSupport.framework */; };
		CAAF08B31660C65E005E2721 /* libsqlite3.dylib in Frameworks */ = {isa = PBXBuildFile; fileRef = CACD8C24165CF74700AE1E6E /* libsqlite3.dylib */; };
		CACD8BF1165CF66C00AE1E6E /* UIKit.framework in Frameworks */ = {isa = PBXBuildFile; fileRef = CACD8BF0165CF66C00AE1E6E /* UIKit.framework */; };
		CACD8BF3165CF66C00AE1E6E /* Foundation.framework in Frameworks */ = {isa = PBXBuildFile; fileRef = CACD8BF2165CF66C00AE1E6E /* Foundation.framework */; };
		CACD8BF5165CF66C00AE1E6E /* CoreGraphics.framework in Frameworks */ = {isa = PBXBuildFile; fileRef = CACD8BF4165CF66C00AE1E6E /* CoreGraphics.framework */; };
		CACD8BFB165CF66C00AE1E6E /* InfoPlist.strings in Resources */ = {isa = PBXBuildFile; fileRef = CACD8BF9165CF66C00AE1E6E /* InfoPlist.strings */; };
		CACD8BFD165CF66C00AE1E6E /* main.m in Sources */ = {isa = PBXBuildFile; fileRef = CACD8BFC165CF66C00AE1E6E /* main.m */; };
		CACD8C01165CF66C00AE1E6E /* AppDelegate.m in Sources */ = {isa = PBXBuildFile; fileRef = CACD8C00165CF66C00AE1E6E /* AppDelegate.m */; };
		CACD8C03165CF66C00AE1E6E /* Default.png in Resources */ = {isa = PBXBuildFile; fileRef = CACD8C02165CF66C00AE1E6E /* Default.png */; };
		CACD8C05165CF66C00AE1E6E /* Default@2x.png in Resources */ = {isa = PBXBuildFile; fileRef = CACD8C04165CF66C00AE1E6E /* Default@2x.png */; };
		CACD8C07165CF66C00AE1E6E /* Default-568h@2x.png in Resources */ = {isa = PBXBuildFile; fileRef = CACD8C06165CF66C00AE1E6E /* Default-568h@2x.png */; };
		CACD8C0A165CF66C00AE1E6E /* MainStoryboard_iPhone.storyboard in Resources */ = {isa = PBXBuildFile; fileRef = CACD8C08165CF66C00AE1E6E /* MainStoryboard_iPhone.storyboard */; };
		CACD8C0D165CF66C00AE1E6E /* MainStoryboard_iPad.storyboard in Resources */ = {isa = PBXBuildFile; fileRef = CACD8C0B165CF66C00AE1E6E /* MainStoryboard_iPad.storyboard */; };
		CACD8C21165CF73300AE1E6E /* libBusinessLogicLayer.a in Frameworks */ = {isa = PBXBuildFile; fileRef = CACD8C20165CF73300AE1E6E /* libBusinessLogicLayer.a */; };
		CADCBE8F166397FE00A27DAF /* HomeViewController.m in Sources */ = {isa = PBXBuildFile; fileRef = CADCBE8E166397FE00A27DAF /* HomeViewController.m */; };
		CADCBE981663A0D800A27DAF /* CountDownViewController.m in Sources */ = {isa = PBXBuildFile; fileRef = CADCBE971663A0D800A27DAF /* CountDownViewController.m */; };
/* End PBXBuildFile section */

/* Begin PBXFileReference section */
		CA1B4103165F30A8003A8BA5 /* DBConfig.plist */ = {isa = PBXFileReference; fileEncoding = 4; lastKnownFileType = text.plist.xml; path = DBConfig.plist; sourceTree = "<group>"; };
		CA1B4105165F3B43003A8BA5 /* ScheduleViewController.h */ = {isa = PBXFileReference; fileEncoding = 4; lastKnownFileType = sourcecode.c.h; path = ScheduleViewController.h; sourceTree = "<group>"; };
		CA1B4106165F3B43003A8BA5 /* ScheduleViewController.m */ = {isa = PBXFileReference; fileEncoding = 4; lastKnownFileType = sourcecode.c.objc; path = ScheduleViewController.m; sourceTree = "<group>"; };
		CA4F7248166B088E00FFEC8A /* About-bg.png */ = {isa = PBXFileReference; lastKnownFileType = image.png; path = "About-bg.png"; sourceTree = "<group>"; };
		CA4F7249166B088E00FFEC8A /* About-pad-bg.png */ = {isa = PBXFileReference; lastKnownFileType = image.png; path = "About-pad-bg.png"; sourceTree = "<group>"; };
		CA4F724A166B088E00FFEC8A /* About.png */ = {isa = PBXFileReference; lastKnownFileType = image.png; path = About.png; sourceTree = "<group>"; };
		CA4F724B166B088E00FFEC8A /* About@2x.png */ = {isa = PBXFileReference; lastKnownFileType = image.png; path = "About@2x.png"; sourceTree = "<group>"; };
		CA4F724C166B088E00FFEC8A /* CountDown-bg.png */ = {isa = PBXFileReference; lastKnownFileType = image.png; path = "CountDown-bg.png"; sourceTree = "<group>"; };
		CA4F724D166B088E00FFEC8A /* CountDown-ipad-bg.png */ = {isa = PBXFileReference; lastKnownFileType = image.png; path = "CountDown-ipad-bg.png"; sourceTree = "<group>"; };
		CA4F724E166B088E00FFEC8A /* CountDown.png */ = {isa = PBXFileReference; lastKnownFileType = image.png; path = CountDown.png; sourceTree = "<group>"; };
		CA4F724F166B088E00FFEC8A /* CountDown@2x.png */ = {isa = PBXFileReference; lastKnownFileType = image.png; path = "CountDown@2x.png"; sourceTree = "<group>"; };
		CA4F7251166B088E00FFEC8A /* archery.gif */ = {isa = PBXFileReference; lastKnownFileType = image.gif; path = archery.gif; sourceTree = "<group>"; };
		CA4F7252166B088E00FFEC8A /* athletics.gif */ = {isa = PBXFileReference; lastKnownFileType = image.gif; path = athletics.gif; sourceTree = "<group>"; };
		CA4F7253166B088E00FFEC8A /* badminton.gif */ = {isa = PBXFileReference; lastKnownFileType = image.gif; path = badminton.gif; sourceTree = "<group>"; };
		CA4F7254166B088E00FFEC8A /* basketball.gif */ = {isa = PBXFileReference; lastKnownFileType = image.gif; path = basketball.gif; sourceTree = "<group>"; };
		CA4F7255166B088E00FFEC8A /* beach-volleyball.gif */ = {isa = PBXFileReference; lastKnownFileType = image.gif; path = "beach-volleyball.gif"; sourceTree = "<group>"; };
		CA4F7256166B088E00FFEC8A /* boxing.gif */ = {isa = PBXFileReference; lastKnownFileType = image.gif; path = boxing.gif; sourceTree = "<group>"; };
		CA4F7257166B088E00FFEC8A /* canoe-slalom.gif */ = {isa = PBXFileReference; lastKnownFileType = image.gif; path = "canoe-slalom.gif"; sourceTree = "<group>"; };
		CA4F7258166B088E00FFEC8A /* canoe-sprint.gif */ = {isa = PBXFileReference; lastKnownFileType = image.gif; path = "canoe-sprint.gif"; sourceTree = "<group>"; };
		CA4F7259166B088E00FFEC8A /* cycling-bmx.gif */ = {isa = PBXFileReference; lastKnownFileType = image.gif; path = "cycling-bmx.gif"; sourceTree = "<group>"; };
		CA4F725A166B088E00FFEC8A /* cycling-mountain-bike.gif */ = {isa = PBXFileReference; lastKnownFileType = image.gif; path = "cycling-mountain-bike.gif"; sourceTree = "<group>"; };
		CA4F725B166B088E00FFEC8A /* cycling-road.gif */ = {isa = PBXFileReference; lastKnownFileType = image.gif; path = "cycling-road.gif"; sourceTree = "<group>"; };
		CA4F725C166B088E00FFEC8A /* cycling-track.gif */ = {isa = PBXFileReference; lastKnownFileType = image.gif; path = "cycling-track.gif"; sourceTree = "<group>"; };
		CA4F725D166B088E00FFEC8A /* diving.gif */ = {isa = PBXFileReference; lastKnownFileType = image.gif; path = diving.gif; sourceTree = "<group>"; };
		CA4F725E166B088E00FFEC8A /* equestrian-dressage.gif */ = {isa = PBXFileReference; lastKnownFileType = image.gif; path = "equestrian-dressage.gif"; sourceTree = "<group>"; };
		CA4F725F166B088E00FFEC8A /* equestrian-eventing.gif */ = {isa = PBXFileReference; lastKnownFileType = image.gif; path = "equestrian-eventing.gif"; sourceTree = "<group>"; };
		CA4F7260166B088E00FFEC8A /* equestrian-jumping.gif */ = {isa = PBXFileReference; lastKnownFileType = image.gif; path = "equestrian-jumping.gif"; sourceTree = "<group>"; };
		CA4F7261166B088E00FFEC8A /* fencing.gif */ = {isa = PBXFileReference; lastKnownFileType = image.gif; path = fencing.gif; sourceTree = "<group>"; };
		CA4F7262166B088E00FFEC8A /* football.gif */ = {isa = PBXFileReference; lastKnownFileType = image.gif; path = football.gif; sourceTree = "<group>"; };
		CA4F7263166B088E00FFEC8A /* golf.gif */ = {isa = PBXFileReference; lastKnownFileType = image.gif; path = golf.gif; sourceTree = "<group>"; };
		CA4F7264166B088E00FFEC8A /* gymnastics-artistic.gif */ = {isa = PBXFileReference; lastKnownFileType = image.gif; path = "gymnastics-artistic.gif"; sourceTree = "<group>"; };
		CA4F7265166B088E00FFEC8A /* gymnastics-rhythmic.gif */ = {isa = PBXFileReference; lastKnownFileType = image.gif; path = "gymnastics-rhythmic.gif"; sourceTree = "<group>"; };
		CA4F7266166B088E00FFEC8A /* gymnastics-trampoline.gif */ = {isa = PBXFileReference; lastKnownFileType = image.gif; path = "gymnastics-trampoline.gif"; sourceTree = "<group>"; };
		CA4F7267166B088E00FFEC8A /* handball.gif */ = {isa = PBXFileReference; lastKnownFileType = image.gif; path = handball.gif; sourceTree = "<group>"; };
		CA4F7268166B088E00FFEC8A /* hockey.gif */ = {isa = PBXFileReference; lastKnownFileType = image.gif; path = hockey.gif; sourceTree = "<group>"; };
		CA4F7269166B088E00FFEC8A /* judo.gif */ = {isa = PBXFileReference; lastKnownFileType = image.gif; path = judo.gif; sourceTree = "<group>"; };
		CA4F726A166B088E00FFEC8A /* modern-pentathlon.gif */ = {isa = PBXFileReference; lastKnownFileType = image.gif; path = "modern-pentathlon.gif"; sourceTree = "<group>"; };
		CA4F726B166B088E00FFEC8A /* rowing.gif */ = {isa = PBXFileReference; lastKnownFileType = image.gif; path = rowing.gif; sourceTree = "<group>"; };
		CA4F726C166B088E00FFEC8A /* rugby.gif */ = {isa = PBXFileReference; lastKnownFileType = image.gif; path = rugby.gif; sourceTree = "<group>"; };
		CA4F726D166B088E00FFEC8A /* sailing.gif */ = {isa = PBXFileReference; lastKnownFileType = image.gif; path = sailing.gif; sourceTree = "<group>"; };
		CA4F726E166B088E00FFEC8A /* shooting.gif */ = {isa = PBXFileReference; lastKnownFileType = image.gif; path = shooting.gif; sourceTree = "<group>"; };
		CA4F726F166B088E00FFEC8A /* swimming.gif */ = {isa = PBXFileReference; lastKnownFileType = image.gif; path = swimming.gif; sourceTree = "<group>"; };
		CA4F7270166B088E00FFEC8A /* synchronised-swimming.gif */ = {isa = PBXFileReference; lastKnownFileType = image.gif; path = "synchronised-swimming.gif"; sourceTree = "<group>"; };
		CA4F7271166B088E00FFEC8A /* table-tennis.gif */ = {isa = PBXFileReference; lastKnownFileType = image.gif; path = "table-tennis.gif"; sourceTree = "<group>"; };
		CA4F7272166B088E00FFEC8A /* taekwondo.gif */ = {isa = PBXFileReference; lastKnownFileType = image.gif; path = taekwondo.gif; sourceTree = "<group>"; };
		CA4F7273166B088E00FFEC8A /* tennis.gif */ = {isa = PBXFileReference; lastKnownFileType = image.gif; path = tennis.gif; sourceTree = "<group>"; };
		CA4F7274166B088E00FFEC8A /* triathlon.gif */ = {isa = PBXFileReference; lastKnownFileType = image.gif; path = triathlon.gif; sourceTree = "<group>"; };
		CA4F7275166B088E00FFEC8A /* volleyball.gif */ = {isa = PBXFileReference; lastKnownFileType = image.gif; path = volleyball.gif; sourceTree = "<group>"; };
		CA4F7276166B088E00FFEC8A /* water-polo.gif */ = {isa = PBXFileReference; lastKnownFileType = image.gif; path = "water-polo.gif"; sourceTree = "<group>"; };
		CA4F7277166B088E00FFEC8A /* weightlifting.gif */ = {isa = PBXFileReference; lastKnownFileType = image.gif; path = weightlifting.gif; sourceTree = "<group>"; };
		CA4F7278166B088E00FFEC8A /* wrestling.gif */ = {isa = PBXFileReference; lastKnownFileType = image.gif; path = wrestling.gif; sourceTree = "<group>"; };
		CA4F7279166B088E00FFEC8A /* Events.png */ = {isa = PBXFileReference; lastKnownFileType = image.png; path = Events.png; sourceTree = "<group>"; };
		CA4F727A166B088E00FFEC8A /* Events@2x.png */ = {isa = PBXFileReference; lastKnownFileType = image.png; path = "Events@2x.png"; sourceTree = "<group>"; };
		CA4F727B166B088E00FFEC8A /* Home-bg.png */ = {isa = PBXFileReference; lastKnownFileType = image.png; path = "Home-bg.png"; sourceTree = "<group>"; };
		CA4F727C166B088E00FFEC8A /* Home-ipad-bg.png */ = {isa = PBXFileReference; lastKnownFileType = image.png; path = "Home-ipad-bg.png"; sourceTree = "<group>"; };
		CA4F727D166B088E00FFEC8A /* Home.png */ = {isa = PBXFileReference; lastKnownFileType = image.png; path = Home.png; sourceTree = "<group>"; };
		CA4F727E166B088E00FFEC8A /* Home@2x.png */ = {isa = PBXFileReference; lastKnownFileType = image.png; path = "Home@2x.png"; sourceTree = "<group>"; };
		CA4F727F166B088E00FFEC8A /* Schedule.png */ = {isa = PBXFileReference; lastKnownFileType = image.png; path = Schedule.png; sourceTree = "<group>"; };
		CA4F7280166B088E00FFEC8A /* Schedule@2x.png */ = {isa = PBXFileReference; lastKnownFileType = image.png; path = "Schedule@2x.png"; sourceTree = "<group>"; };
		CA4F72F6166B7B9B00FFEC8A /* Icon.png */ = {isa = PBXFileReference; lastKnownFileType = image.png; path = Icon.png; sourceTree = "<group>"; };
		CA4F72F7166B7B9B00FFEC8A /* Icon@2x.png */ = {isa = PBXFileReference; lastKnownFileType = image.png; path = "Icon@2x.png"; sourceTree = "<group>"; };
		CA4F72FA166B7E9D00FFEC8A /* Icon-72.png */ = {isa = PBXFileReference; lastKnownFileType = image.png; path = "Icon-72.png"; sourceTree = "<group>"; };
		CA4F72FB166B7E9D00FFEC8A /* Icon-72@2x.png */ = {isa = PBXFileReference; lastKnownFileType = image.png; path = "Icon-72@2x.png"; sourceTree = "<group>"; };
		CA4F72FE166B823300FFEC8A /* Default-Portrait@2x~ipad.png */ = {isa = PBXFileReference; lastKnownFileType = image.png; path = "Default-Portrait@2x~ipad.png"; sourceTree = "<group>"; };
		CA4F72FF166B823300FFEC8A /* Default-Portrait~ipad.png */ = {isa = PBXFileReference; lastKnownFileType = image.png; path = "Default-Portrait~ipad.png"; sourceTree = "<group>"; };
		CA620FD91660766100EDE54E /* EventsDetailViewController.h */ = {isa = PBXFileReference; fileEncoding = 4; lastKnownFileType = sourcecode.c.h; path = EventsDetailViewController.h; sourceTree = "<group>"; };
		CA620FDA1660766100EDE54E /* EventsDetailViewController.m */ = {isa = PBXFileReference; fileEncoding = 4; lastKnownFileType = sourcecode.c.objc; path = EventsDetailViewController.m; sourceTree = "<group>"; };
		CA620FDB1660766100EDE54E /* EventsViewController.h */ = {isa = PBXFileReference; fileEncoding = 4; lastKnownFileType = sourcecode.c.h; path = EventsViewController.h; sourceTree = "<group>"; };
		CA620FDC1660766100EDE54E /* EventsViewController.m */ = {isa = PBXFileReference; fileEncoding = 4; lastKnownFileType = sourcecode.c.objc; path = EventsViewController.m; sourceTree = "<group>"; };
		CA989D13165E5F6E003925DD /* EventsViewCell.h */ = {isa = PBXFileReference; fileEncoding = 4; lastKnownFileType = sourcecode.c.h; path = EventsViewCell.h; sourceTree = "<group>"; };
		CA989D14165E5F6E003925DD /* EventsViewCell.m */ = {isa = PBXFileReference; fileEncoding = 4; lastKnownFileType = sourcecode.c.objc; path = EventsViewCell.m; sourceTree = "<group>"; };
		CA989D17165E6051003925DD /* create_load.sql */ = {isa = PBXFileReference; fileEncoding = 4; lastKnownFileType = text; path = create_load.sql; sourceTree = "<group>"; };
		CAAF089B1660C10B005E2721 /* GADAdMobExtras.h */ = {isa = PBXFileReference; fileEncoding = 4; lastKnownFileType = sourcecode.c.h; path = GADAdMobExtras.h; sourceTree = "<group>"; };
		CAAF089C1660C10B005E2721 /* GADAdNetworkExtras.h */ = {isa = PBXFileReference; fileEncoding = 4; lastKnownFileType = sourcecode.c.h; path = GADAdNetworkExtras.h; sourceTree = "<group>"; };
		CAAF089D1660C10B005E2721 /* GADAdSize.h */ = {isa = PBXFileReference; fileEncoding = 4; lastKnownFileType = sourcecode.c.h; path = GADAdSize.h; sourceTree = "<group>"; };
		CAAF089E1660C10B005E2721 /* GADBannerView.h */ = {isa = PBXFileReference; fileEncoding = 4; lastKnownFileType = sourcecode.c.h; path = GADBannerView.h; sourceTree = "<group>"; };
		CAAF089F1660C10B005E2721 /* GADBannerViewDelegate.h */ = {isa = PBXFileReference; fileEncoding = 4; lastKnownFileType = sourcecode.c.h; path = GADBannerViewDelegate.h; sourceTree = "<group>"; };
		CAAF08A01660C10B005E2721 /* GADInterstitial.h */ = {isa = PBXFileReference; fileEncoding = 4; lastKnownFileType = sourcecode.c.h; path = GADInterstitial.h; sourceTree = "<group>"; };
		CAAF08A11660C10B005E2721 /* GADInterstitialDelegate.h */ = {isa = PBXFileReference; fileEncoding = 4; lastKnownFileType = sourcecode.c.h; path = GADInterstitialDelegate.h; sourceTree = "<group>"; };
		CAAF08A21660C10B005E2721 /* GADRequest.h */ = {isa = PBXFileReference; fileEncoding = 4; lastKnownFileType = sourcecode.c.h; path = GADRequest.h; sourceTree = "<group>"; };
		CAAF08A31660C10B005E2721 /* GADRequestError.h */ = {isa = PBXFileReference; fileEncoding = 4; lastKnownFileType = sourcecode.c.h; path = GADRequestError.h; sourceTree = "<group>"; };
		CAAF08A41660C10B005E2721 /* libGoogleAdMobAds.a */ = {isa = PBXFileReference; lastKnownFileType = archive.ar; path = libGoogleAdMobAds.a; sourceTree = "<group>"; };
		CAAF08A61660C357005E2721 /* AboutViewController.h */ = {isa = PBXFileReference; fileEncoding = 4; lastKnownFileType = sourcecode.c.h; path = AboutViewController.h; sourceTree = "<group>"; };
		CAAF08A71660C357005E2721 /* AboutViewController.m */ = {isa = PBXFileReference; fileEncoding = 4; lastKnownFileType = sourcecode.c.objc; path = AboutViewController.m; sourceTree = "<group>"; };
		CAAF08A91660C597005E2721 /* StoreKit.framework */ = {isa = PBXFileReference; lastKnownFileType = wrapper.framework; name = StoreKit.framework; path = System/Library/Frameworks/StoreKit.framework; sourceTree = SDKROOT; };
		CAAF08AB1660C5A1005E2721 /* AudioToolbox.framework */ = {isa = PBXFileReference; lastKnownFileType = wrapper.framework; name = AudioToolbox.framework; path = System/Library/Frameworks/AudioToolbox.framework; sourceTree = SDKROOT; };
		CAAF08AD1660C5A7005E2721 /* MessageUI.framework */ = {isa = PBXFileReference; lastKnownFileType = wrapper.framework; name = MessageUI.framework; path = System/Library/Frameworks/MessageUI.framework; sourceTree = SDKROOT; };
		CAAF08AF1660C5B3005E2721 /* SystemConfiguration.framework */ = {isa = PBXFileReference; lastKnownFileType = wrapper.framework; name = SystemConfiguration.framework; path = System/Library/Frameworks/SystemConfiguration.framework; sourceTree = SDKROOT; };
		CAAF08B11660C5C4005E2721 /* AdSupport.framework */ = {isa = PBXFileReference; lastKnownFileType = wrapper.framework; name = AdSupport.framework; path = System/Library/Frameworks/AdSupport.framework; sourceTree = SDKROOT; };
		CACD8BEC165CF66C00AE1E6E /* 2016Olympics.app */ = {isa = PBXFileReference; explicitFileType = wrapper.application; includeInIndex = 0; path = 2016Olympics.app; sourceTree = BUILT_PRODUCTS_DIR; };
		CACD8BF0165CF66C00AE1E6E /* UIKit.framework */ = {isa = PBXFileReference; lastKnownFileType = wrapper.framework; name = UIKit.framework; path = System/Library/Frameworks/UIKit.framework; sourceTree = SDKROOT; };
		CACD8BF2165CF66C00AE1E6E /* Foundation.framework */ = {isa = PBXFileReference; lastKnownFileType = wrapper.framework; name = Foundation.framework; path = System/Library/Frameworks/Foundation.framework; sourceTree = SDKROOT; };
		CACD8BF4165CF66C00AE1E6E /* CoreGraphics.framework */ = {isa = PBXFileReference; lastKnownFileType = wrapper.framework; name = CoreGraphics.framework; path = System/Library/Frameworks/CoreGraphics.framework; sourceTree = SDKROOT; };
		CACD8BF8165CF66C00AE1E6E /* 2016Olympics-Info.plist */ = {isa = PBXFileReference; lastKnownFileType = text.plist.xml; path = "2016Olympics-Info.plist"; sourceTree = "<group>"; };
		CACD8BFA165CF66C00AE1E6E /* en */ = {isa = PBXFileReference; lastKnownFileType = text.plist.strings; name = en; path = en.lproj/InfoPlist.strings; sourceTree = "<group>"; };
		CACD8BFC165CF66C00AE1E6E /* main.m */ = {isa = PBXFileReference; lastKnownFileType = sourcecode.c.objc; path = main.m; sourceTree = "<group>"; };
		CACD8BFE165CF66C00AE1E6E /* 2016Olympics-Prefix.pch */ = {isa = PBXFileReference; lastKnownFileType = sourcecode.c.h; path = "2016Olympics-Prefix.pch"; sourceTree = "<group>"; };
		CACD8BFF165CF66C00AE1E6E /* AppDelegate.h */ = {isa = PBXFileReference; lastKnownFileType = sourcecode.c.h; path = AppDelegate.h; sourceTree = "<group>"; };
		CACD8C00165CF66C00AE1E6E /* AppDelegate.m */ = {isa = PBXFileReference; lastKnownFileType = sourcecode.c.objc; path = AppDelegate.m; sourceTree = "<group>"; };
		CACD8C02165CF66C00AE1E6E /* Default.png */ = {isa = PBXFileReference; lastKnownFileType = image.png; path = Default.png; sourceTree = "<group>"; };
		CACD8C04165CF66C00AE1E6E /* Default@2x.png */ = {isa = PBXFileReference; lastKnownFileType = image.png; path = "Default@2x.png"; sourceTree = "<group>"; };
		CACD8C06165CF66C00AE1E6E /* Default-568h@2x.png */ = {isa = PBXFileReference; lastKnownFileType = image.png; path = "Default-568h@2x.png"; sourceTree = "<group>"; };
		CACD8C09165CF66C00AE1E6E /* en */ = {isa = PBXFileReference; lastKnownFileType = file.storyboard; name = en; path = en.lproj/MainStoryboard_iPhone.storyboard; sourceTree = "<group>"; };
		CACD8C0C165CF66C00AE1E6E /* en */ = {isa = PBXFileReference; lastKnownFileType = file.storyboard; name = en; path = en.lproj/MainStoryboard_iPad.storyboard; sourceTree = "<group>"; };
		CACD8C20165CF73300AE1E6E /* libBusinessLogicLayer.a */ = {isa = PBXFileReference; lastKnownFileType = archive.ar; name = libBusinessLogicLayer.a; path = "../BusinessLogicLayer/build/Release-iphoneos/libBusinessLogicLayer.a"; sourceTree = "<group>"; };
		CACD8C22165CF73F00AE1E6E /* libPersistenceLayer.a */ = {isa = PBXFileReference; lastKnownFileType = archive.ar; name = libPersistenceLayer.a; path = "../PersistenceLayer/build/Release-iphoneos/libPersistenceLayer.a"; sourceTree = "<group>"; };
		CACD8C24165CF74700AE1E6E /* libsqlite3.dylib */ = {isa = PBXFileReference; lastKnownFileType = "compiled.mach-o.dylib"; name = libsqlite3.dylib; path = usr/lib/libsqlite3.dylib; sourceTree = SDKROOT; };
		CADCBE8D166397FE00A27DAF /* HomeViewController.h */ = {isa = PBXFileReference; fileEncoding = 4; lastKnownFileType = sourcecode.c.h; path = HomeViewController.h; sourceTree = "<group>"; };
		CADCBE8E166397FE00A27DAF /* HomeViewController.m */ = {isa = PBXFileReference; fileEncoding = 4; lastKnownFileType = sourcecode.c.objc; path = HomeViewController.m; sourceTree = "<group>"; };
		CADCBE961663A0D800A27DAF /* CountDownViewController.h */ = {isa = PBXFileReference; fileEncoding = 4; lastKnownFileType = sourcecode.c.h; path = CountDownViewController.h; sourceTree = "<group>"; };
		CADCBE971663A0D800A27DAF /* CountDownViewController.m */ = {isa = PBXFileReference; fileEncoding = 4; lastKnownFileType = sourcecode.c.objc; path = CountDownViewController.m; sourceTree = "<group>"; };
/* End PBXFileReference section */

/* Begin PBXFrameworksBuildPhase section */
		CACD8BE9165CF66C00AE1E6E /* Frameworks */ = {
			isa = PBXFrameworksBuildPhase;
			buildActionMask = 2147483647;
			files = (
				CAAF08B21660C5C4005E2721 /* AdSupport.framework in Frameworks */,
				CACD8BF5165CF66C00AE1E6E /* CoreGraphics.framework in Frameworks */,
				CAAF08B01660C5B3005E2721 /* SystemConfiguration.framework in Frameworks */,
				CAAF08AE1660C5A7005E2721 /* MessageUI.framework in Frameworks */,
				CAAF08AC1660C5A1005E2721 /* AudioToolbox.framework in Frameworks */,
				CAAF08AA1660C597005E2721 /* StoreKit.framework in Frameworks */,
				CACD8C21165CF73300AE1E6E /* libBusinessLogicLayer.a in Frameworks */,
				CACD8BF1165CF66C00AE1E6E /* UIKit.framework in Frameworks */,
				CACD8BF3165CF66C00AE1E6E /* Foundation.framework in Frameworks */,
				CAAF08A51660C10B005E2721 /* libGoogleAdMobAds.a in Frameworks */,
				CAAF08B31660C65E005E2721 /* libsqlite3.dylib in Frameworks */,
			);
			runOnlyForDeploymentPostprocessing = 0;
		};
/* End PBXFrameworksBuildPhase section */

/* Begin PBXGroup section */
		CA4F7247166B088E00FFEC8A /* images */ = {
			isa = PBXGroup;
			children = (
				CA4F7248166B088E00FFEC8A /* About-bg.png */,
				CA4F7249166B088E00FFEC8A /* About-pad-bg.png */,
				CA4F724A166B088E00FFEC8A /* About.png */,
				CA4F724B166B088E00FFEC8A /* About@2x.png */,
				CA4F724C166B088E00FFEC8A /* CountDown-bg.png */,
				CA4F724D166B088E00FFEC8A /* CountDown-ipad-bg.png */,
				CA4F724E166B088E00FFEC8A /* CountDown.png */,
				CA4F724F166B088E00FFEC8A /* CountDown@2x.png */,
				CA4F7250166B088E00FFEC8A /* events */,
				CA4F7279166B088E00FFEC8A /* Events.png */,
				CA4F727A166B088E00FFEC8A /* Events@2x.png */,
				CA4F727B166B088E00FFEC8A /* Home-bg.png */,
				CA4F727C166B088E00FFEC8A /* Home-ipad-bg.png */,
				CA4F727D166B088E00FFEC8A /* Home.png */,
				CA4F727E166B088E00FFEC8A /* Home@2x.png */,
				CA4F727F166B088E00FFEC8A /* Schedule.png */,
				CA4F7280166B088E00FFEC8A /* Schedule@2x.png */,
			);
			path = images;
			sourceTree = "<group>";
		};
		CA4F7250166B088E00FFEC8A /* events */ = {
			isa = PBXGroup;
			children = (
				CA4F7251166B088E00FFEC8A /* archery.gif */,
				CA4F7252166B088E00FFEC8A /* athletics.gif */,
				CA4F7253166B088E00FFEC8A /* badminton.gif */,
				CA4F7254166B088E00FFEC8A /* basketball.gif */,
				CA4F7255166B088E00FFEC8A /* beach-volleyball.gif */,
				CA4F7256166B088E00FFEC8A /* boxing.gif */,
				CA4F7257166B088E00FFEC8A /* canoe-slalom.gif */,
				CA4F7258166B088E00FFEC8A /* canoe-sprint.gif */,
				CA4F7259166B088E00FFEC8A /* cycling-bmx.gif */,
				CA4F725A166B088E00FFEC8A /* cycling-mountain-bike.gif */,
				CA4F725B166B088E00FFEC8A /* cycling-road.gif */,
				CA4F725C166B088E00FFEC8A /* cycling-track.gif */,
				CA4F725D166B088E00FFEC8A /* diving.gif */,
				CA4F725E166B088E00FFEC8A /* equestrian-dressage.gif */,
				CA4F725F166B088E00FFEC8A /* equestrian-eventing.gif */,
				CA4F7260166B088E00FFEC8A /* equestrian-jumping.gif */,
				CA4F7261166B088E00FFEC8A /* fencing.gif */,
				CA4F7262166B088E00FFEC8A /* football.gif */,
				CA4F7263166B088E00FFEC8A /* golf.gif */,
				CA4F7264166B088E00FFEC8A /* gymnastics-artistic.gif */,
				CA4F7265166B088E00FFEC8A /* gymnastics-rhythmic.gif */,
				CA4F7266166B088E00FFEC8A /* gymnastics-trampoline.gif */,
				CA4F7267166B088E00FFEC8A /* handball.gif */,
				CA4F7268166B088E00FFEC8A /* hockey.gif */,
				CA4F7269166B088E00FFEC8A /* judo.gif */,
				CA4F726A166B088E00FFEC8A /* modern-pentathlon.gif */,
				CA4F726B166B088E00FFEC8A /* rowing.gif */,
				CA4F726C166B088E00FFEC8A /* rugby.gif */,
				CA4F726D166B088E00FFEC8A /* sailing.gif */,
				CA4F726E166B088E00FFEC8A /* shooting.gif */,
				CA4F726F166B088E00FFEC8A /* swimming.gif */,
				CA4F7270166B088E00FFEC8A /* synchronised-swimming.gif */,
				CA4F7271166B088E00FFEC8A /* table-tennis.gif */,
				CA4F7272166B088E00FFEC8A /* taekwondo.gif */,
				CA4F7273166B088E00FFEC8A /* tennis.gif */,
				CA4F7274166B088E00FFEC8A /* triathlon.gif */,
				CA4F7275166B088E00FFEC8A /* volleyball.gif */,
				CA4F7276166B088E00FFEC8A /* water-polo.gif */,
				CA4F7277166B088E00FFEC8A /* weightlifting.gif */,
				CA4F7278166B088E00FFEC8A /* wrestling.gif */,
			);
			path = events;
			sourceTree = "<group>";
		};
		CA989D16165E6051003925DD /* DBFile */ = {
			isa = PBXGroup;
			children = (
				CA1B4103165F30A8003A8BA5 /* DBConfig.plist */,
				CA989D17165E6051003925DD /* create_load.sql */,
			);
			name = DBFile;
			path = ../DBFile;
			sourceTree = "<group>";
		};
		CA989D19165E63A7003925DD /* iPad */ = {
			isa = PBXGroup;
			children = (
				CACD8C0B165CF66C00AE1E6E /* MainStoryboard_iPad.storyboard */,
			);
			name = iPad;
			sourceTree = "<group>";
		};
		CA989D1A165E63AF003925DD /* iPhone */ = {
			isa = PBXGroup;
			children = (
				CACD8C08165CF66C00AE1E6E /* MainStoryboard_iPhone.storyboard */,
			);
			name = iPhone;
			sourceTree = "<group>";
		};
		CAAF089A1660C10B005E2721 /* GoogleAdMobAdsSdkiOS */ = {
			isa = PBXGroup;
			children = (
				CAAF089B1660C10B005E2721 /* GADAdMobExtras.h */,
				CAAF089C1660C10B005E2721 /* GADAdNetworkExtras.h */,
				CAAF089D1660C10B005E2721 /* GADAdSize.h */,
				CAAF089E1660C10B005E2721 /* GADBannerView.h */,
				CAAF089F1660C10B005E2721 /* GADBannerViewDelegate.h */,
				CAAF08A01660C10B005E2721 /* GADInterstitial.h */,
				CAAF08A11660C10B005E2721 /* GADInterstitialDelegate.h */,
				CAAF08A21660C10B005E2721 /* GADRequest.h */,
				CAAF08A31660C10B005E2721 /* GADRequestError.h */,
				CAAF08A41660C10B005E2721 /* libGoogleAdMobAds.a */,
			);
			path = GoogleAdMobAdsSdkiOS;
			sourceTree = "<group>";
		};
		CACD8BE1165CF66C00AE1E6E = {
			isa = PBXGroup;
			children = (
				CA4F7247166B088E00FFEC8A /* images */,
				CACD8BF6165CF66C00AE1E6E /* 2016Olympics */,
				CA989D16165E6051003925DD /* DBFile */,
				CACD8BEF165CF66C00AE1E6E /* Frameworks */,
				CAAF089A1660C10B005E2721 /* GoogleAdMobAdsSdkiOS */,
				CACD8BED165CF66C00AE1E6E /* Products */,
			);
			sourceTree = "<group>";
		};
		CACD8BED165CF66C00AE1E6E /* Products */ = {
			isa = PBXGroup;
			children = (
				CACD8BEC165CF66C00AE1E6E /* 2016Olympics.app */,
			);
			name = Products;
			sourceTree = "<group>";
		};
		CACD8BEF165CF66C00AE1E6E /* Frameworks */ = {
			isa = PBXGroup;
			children = (
				CACD8C24165CF74700AE1E6E /* libsqlite3.dylib */,
				CAAF08B11660C5C4005E2721 /* AdSupport.framework */,
				CAAF08AF1660C5B3005E2721 /* SystemConfiguration.framework */,
				CAAF08AD1660C5A7005E2721 /* MessageUI.framework */,
				CAAF08AB1660C5A1005E2721 /* AudioToolbox.framework */,
				CAAF08A91660C597005E2721 /* StoreKit.framework */,
				CACD8C22165CF73F00AE1E6E /* libPersistenceLayer.a */,
				CACD8C20165CF73300AE1E6E /* libBusinessLogicLayer.a */,
				CACD8BF0165CF66C00AE1E6E /* UIKit.framework */,
				CACD8BF2165CF66C00AE1E6E /* Foundation.framework */,
				CACD8BF4165CF66C00AE1E6E /* CoreGraphics.framework */,
			);
			name = Frameworks;
			sourceTree = "<group>";
		};
		CACD8BF6165CF66C00AE1E6E /* 2016Olympics */ = {
			isa = PBXGroup;
			children = (
				CAAF08A61660C357005E2721 /* AboutViewController.h */,
				CAAF08A71660C357005E2721 /* AboutViewController.m */,
				CACD8BFF165CF66C00AE1E6E /* AppDelegate.h */,
				CACD8C00165CF66C00AE1E6E /* AppDelegate.m */,
				CADCBE961663A0D800A27DAF /* CountDownViewController.h */,
				CADCBE971663A0D800A27DAF /* CountDownViewController.m */,
				CA620FD91660766100EDE54E /* EventsDetailViewController.h */,
				CA620FDA1660766100EDE54E /* EventsDetailViewController.m */,
				CA989D13165E5F6E003925DD /* EventsViewCell.h */,
				CA989D14165E5F6E003925DD /* EventsViewCell.m */,
				CA620FDB1660766100EDE54E /* EventsViewController.h */,
				CA620FDC1660766100EDE54E /* EventsViewController.m */,
				CADCBE8D166397FE00A27DAF /* HomeViewController.h */,
				CADCBE8E166397FE00A27DAF /* HomeViewController.m */,
				CA989D19165E63A7003925DD /* iPad */,
				CA989D1A165E63AF003925DD /* iPhone */,
				CA1B4105165F3B43003A8BA5 /* ScheduleViewController.h */,
				CA1B4106165F3B43003A8BA5 /* ScheduleViewController.m */,
				CACD8BF7165CF66C00AE1E6E /* Supporting Files */,
			);
			name = 2016Olympics;
			path = PresentationLayer;
			sourceTree = "<group>";
		};
		CACD8BF7165CF66C00AE1E6E /* Supporting Files */ = {
			isa = PBXGroup;
			children = (
				CA4F72FE166B823300FFEC8A /* Default-Portrait@2x~ipad.png */,
				CA4F72FF166B823300FFEC8A /* Default-Portrait~ipad.png */,
				CACD8BF8165CF66C00AE1E6E /* 2016Olympics-Info.plist */,
				CA4F72F6166B7B9B00FFEC8A /* Icon.png */,
				CA4F72FA166B7E9D00FFEC8A /* Icon-72.png */,
				CA4F72FB166B7E9D00FFEC8A /* Icon-72@2x.png */,
				CA4F72F7166B7B9B00FFEC8A /* Icon@2x.png */,
				CACD8BF9165CF66C00AE1E6E /* InfoPlist.strings */,
				CACD8BFC165CF66C00AE1E6E /* main.m */,
				CACD8BFE165CF66C00AE1E6E /* 2016Olympics-Prefix.pch */,
				CACD8C02165CF66C00AE1E6E /* Default.png */,
				CACD8C04165CF66C00AE1E6E /* Default@2x.png */,
				CACD8C06165CF66C00AE1E6E /* Default-568h@2x.png */,
			);
			name = "Supporting Files";
			sourceTree = "<group>";
		};
/* End PBXGroup section */

/* Begin PBXNativeTarget section */
		CACD8BEB165CF66C00AE1E6E /* 2016Olympics */ = {
			isa = PBXNativeTarget;
			buildConfigurationList = CACD8C13165CF66C00AE1E6E /* Build configuration list for PBXNativeTarget "2016Olympics" */;
			buildPhases = (
				CACD8BE8165CF66C00AE1E6E /* Sources */,
				CACD8BE9165CF66C00AE1E6E /* Frameworks */,
				CACD8BEA165CF66C00AE1E6E /* Resources */,
			);
			buildRules = (
			);
			dependencies = (
			);
			name = 2016Olympics;
			productName = PresentationLayer;
			productReference = CACD8BEC165CF66C00AE1E6E /* 2016Olympics.app */;
			productType = "com.apple.product-type.application";
		};
/* End PBXNativeTarget section */

/* Begin PBXProject section */
		CACD8BE3165CF66C00AE1E6E /* Project object */ = {
			isa = PBXProject;
			attributes = {
				LastUpgradeCheck = 0450;
				ORGANIZATIONNAME = tonyguan;
			};
			buildConfigurationList = CACD8BE6165CF66C00AE1E6E /* Build configuration list for PBXProject "2016Olympics" */;
			compatibilityVersion = "Xcode 3.2";
			developmentRegion = English;
			hasScannedForEncodings = 0;
			knownRegions = (
				en,
			);
			mainGroup = CACD8BE1165CF66C00AE1E6E;
			productRefGroup = CACD8BED165CF66C00AE1E6E /* Products */;
			projectDirPath = "";
			projectRoot = "";
			targets = (
				CACD8BEB165CF66C00AE1E6E /* 2016Olympics */,
			);
		};
/* End PBXProject section */

/* Begin PBXResourcesBuildPhase section */
		CACD8BEA165CF66C00AE1E6E /* Resources */ = {
			isa = PBXResourcesBuildPhase;
			buildActionMask = 2147483647;
			files = (
				CACD8BFB165CF66C00AE1E6E /* InfoPlist.strings in Resources */,
				CACD8C03165CF66C00AE1E6E /* Default.png in Resources */,
				CACD8C05165CF66C00AE1E6E /* Default@2x.png in Resources */,
				CACD8C07165CF66C00AE1E6E /* Default-568h@2x.png in Resources */,
				CACD8C0A165CF66C00AE1E6E /* MainStoryboard_iPhone.storyboard in Resources */,
				CACD8C0D165CF66C00AE1E6E /* MainStoryboard_iPad.storyboard in Resources */,
				CA989D18165E6051003925DD /* create_load.sql in Resources */,
				CA1B4104165F30A8003A8BA5 /* DBConfig.plist in Resources */,
				CA4F7281166B088F00FFEC8A /* About-bg.png in Resources */,
				CA4F7282166B088F00FFEC8A /* About-pad-bg.png in Resources */,
				CA4F7283166B088F00FFEC8A /* About.png in Resources */,
				CA4F7284166B088F00FFEC8A /* About@2x.png in Resources */,
				CA4F7285166B088F00FFEC8A /* CountDown-bg.png in Resources */,
				CA4F7286166B088F00FFEC8A /* CountDown-ipad-bg.png in Resources */,
				CA4F7287166B088F00FFEC8A /* CountDown.png in Resources */,
				CA4F7288166B088F00FFEC8A /* CountDown@2x.png in Resources */,
				CA4F7289166B088F00FFEC8A /* archery.gif in Resources */,
				CA4F728A166B088F00FFEC8A /* athletics.gif in Resources */,
				CA4F728B166B088F00FFEC8A /* badminton.gif in Resources */,
				CA4F728C166B088F00FFEC8A /* basketball.gif in Resources */,
				CA4F728D166B088F00FFEC8A /* beach-volleyball.gif in Resources */,
				CA4F728E166B088F00FFEC8A /* boxing.gif in Resources */,
				CA4F728F166B088F00FFEC8A /* canoe-slalom.gif in Resources */,
				CA4F7290166B088F00FFEC8A /* canoe-sprint.gif in Resources */,
				CA4F7291166B088F00FFEC8A /* cycling-bmx.gif in Resources */,
				CA4F7292166B088F00FFEC8A /* cycling-mountain-bike.gif in Resources */,
				CA4F7293166B088F00FFEC8A /* cycling-road.gif in Resources */,
				CA4F7294166B088F00FFEC8A /* cycling-track.gif in Resources */,
				CA4F7295166B088F00FFEC8A /* diving.gif in Resources */,
				CA4F7296166B088F00FFEC8A /* equestrian-dressage.gif in Resources */,
				CA4F7297166B088F00FFEC8A /* equestrian-eventing.gif in Resources */,
				CA4F7298166B088F00FFEC8A /* equestrian-jumping.gif in Resources */,
				CA4F7299166B088F00FFEC8A /* fencing.gif in Resources */,
				CA4F729A166B088F00FFEC8A /* football.gif in Resources */,
				CA4F729B166B088F00FFEC8A /* golf.gif in Resources */,
				CA4F729C166B088F00FFEC8A /* gymnastics-artistic.gif in Resources */,
				CA4F729D166B088F00FFEC8A /* gymnastics-rhythmic.gif in Resources */,
				CA4F729E166B088F00FFEC8A /* gymnastics-trampoline.gif in Resources */,
				CA4F729F166B088F00FFEC8A /* handball.gif in Resources */,
				CA4F72A0166B088F00FFEC8A /* hockey.gif in Resources */,
				CA4F72A1166B088F00FFEC8A /* judo.gif in Resources */,
				CA4F72A2166B088F00FFEC8A /* modern-pentathlon.gif in Resources */,
				CA4F72A3166B088F00FFEC8A /* rowing.gif in Resources */,
				CA4F72A4166B088F00FFEC8A /* rugby.gif in Resources */,
				CA4F72A5166B088F00FFEC8A /* sailing.gif in Resources */,
				CA4F72A6166B088F00FFEC8A /* shooting.gif in Resources */,
				CA4F72A7166B088F00FFEC8A /* swimming.gif in Resources */,
				CA4F72A8166B088F00FFEC8A /* synchronised-swimming.gif in Resources */,
				CA4F72A9166B088F00FFEC8A /* table-tennis.gif in Resources */,
				CA4F72AA166B088F00FFEC8A /* taekwondo.gif in Resources */,
				CA4F72AB166B088F00FFEC8A /* tennis.gif in Resources */,
				CA4F72AC166B088F00FFEC8A /* triathlon.gif in Resources */,
				CA4F72AD166B088F00FFEC8A /* volleyball.gif in Resources */,
				CA4F72AE166B088F00FFEC8A /* water-polo.gif in Resources */,
				CA4F72AF166B088F00FFEC8A /* weightlifting.gif in Resources */,
				CA4F72B0166B088F00FFEC8A /* wrestling.gif in Resources */,
				CA4F72B1166B088F00FFEC8A /* Events.png in Resources */,
				CA4F72B2166B088F00FFEC8A /* Events@2x.png in Resources */,
				CA4F72B3166B088F00FFEC8A /* Home-bg.png in Resources */,
				CA4F72B4166B088F00FFEC8A /* Home-ipad-bg.png in Resources */,
				CA4F72B5166B088F00FFEC8A /* Home.png in Resources */,
				CA4F72B6166B088F00FFEC8A /* Home@2x.png in Resources */,
				CA4F72B7166B088F00FFEC8A /* Schedule.png in Resources */,
				CA4F72B8166B088F00FFEC8A /* Schedule@2x.png in Resources */,
				CA4F72F8166B7B9B00FFEC8A /* Icon.png in Resources */,
				CA4F72F9166B7B9B00FFEC8A /* Icon@2x.png in Resources */,
				CA4F72FC166B7E9D00FFEC8A /* Icon-72.png in Resources */,
				CA4F72FD166B7E9D00FFEC8A /* Icon-72@2x.png in Resources */,
				CA4F7300166B823400FFEC8A /* Default-Portrait@2x~ipad.png in Resources */,
				CA4F7301166B823400FFEC8A /* Default-Portrait~ipad.png in Resources */,
			);
			runOnlyForDeploymentPostprocessing = 0;
		};
/* End PBXResourcesBuildPhase section */

/* Begin PBXSourcesBuildPhase section */
		CACD8BE8165CF66C00AE1E6E /* Sources */ = {
			isa = PBXSourcesBuildPhase;
			buildActionMask = 2147483647;
			files = (
				CACD8BFD165CF66C00AE1E6E /* main.m in Sources */,
				CACD8C01165CF66C00AE1E6E /* AppDelegate.m in Sources */,
				CA989D15165E5F6E003925DD /* EventsViewCell.m in Sources */,
				CA1B4107165F3B43003A8BA5 /* ScheduleViewController.m in Sources */,
				CA620FDF1660766100EDE54E /* EventsDetailViewController.m in Sources */,
				CA620FE01660766100EDE54E /* EventsViewController.m in Sources */,
				CAAF08A81660C357005E2721 /* AboutViewController.m in Sources */,
				CADCBE8F166397FE00A27DAF /* HomeViewController.m in Sources */,
				CADCBE981663A0D800A27DAF /* CountDownViewController.m in Sources */,
			);
			runOnlyForDeploymentPostprocessing = 0;
		};
/* End PBXSourcesBuildPhase section */

/* Begin PBXVariantGroup section */
		CACD8BF9165CF66C00AE1E6E /* InfoPlist.strings */ = {
			isa = PBXVariantGroup;
			children = (
				CACD8BFA165CF66C00AE1E6E /* en */,
			);
			name = InfoPlist.strings;
			sourceTree = "<group>";
		};
		CACD8C08165CF66C00AE1E6E /* MainStoryboard_iPhone.storyboard */ = {
			isa = PBXVariantGroup;
			children = (
				CACD8C09165CF66C00AE1E6E /* en */,
			);
			name = MainStoryboard_iPhone.storyboard;
			sourceTree = "<group>";
		};
		CACD8C0B165CF66C00AE1E6E /* MainStoryboard_iPad.storyboard */ = {
			isa = PBXVariantGroup;
			children = (
				CACD8C0C165CF66C00AE1E6E /* en */,
			);
			name = MainStoryboard_iPad.storyboard;
			sourceTree = "<group>";
		};
/* End PBXVariantGroup section */

/* Begin XCBuildConfiguration section */
		CACD8C11165CF66C00AE1E6E /* Debug */ = {
			isa = XCBuildConfiguration;
			buildSettings = {
				ALWAYS_SEARCH_USER_PATHS = NO;
				CLANG_CXX_LANGUAGE_STANDARD = "gnu++0x";
				CLANG_CXX_LIBRARY = "libc++";
				CLANG_ENABLE_OBJC_ARC = YES;
				CLANG_WARN_EMPTY_BODY = YES;
				CLANG_WARN__DUPLICATE_METHOD_MATCH = YES;
				"CODE_SIGN_IDENTITY[sdk=iphoneos*]" = "iPhone Developer";
				COPY_PHASE_STRIP = NO;
				GCC_C_LANGUAGE_STANDARD = gnu99;
				GCC_DYNAMIC_NO_PIC = NO;
				GCC_OPTIMIZATION_LEVEL = 0;
				GCC_PREPROCESSOR_DEFINITIONS = (
					"DEBUG=1",
					"$(inherited)",
				);
				GCC_SYMBOLS_PRIVATE_EXTERN = NO;
				GCC_WARN_ABOUT_RETURN_TYPE = YES;
				GCC_WARN_UNINITIALIZED_AUTOS = YES;
				GCC_WARN_UNUSED_VARIABLE = YES;
				IPHONEOS_DEPLOYMENT_TARGET = 6.0;
				ONLY_ACTIVE_ARCH = YES;
				SDKROOT = iphoneos;
				TARGETED_DEVICE_FAMILY = "1,2";
			};
			name = Debug;
		};
		CACD8C12165CF66C00AE1E6E /* Release */ = {
			isa = XCBuildConfiguration;
			buildSettings = {
				ALWAYS_SEARCH_USER_PATHS = NO;
				CLANG_CXX_LANGUAGE_STANDARD = "gnu++0x";
				CLANG_CXX_LIBRARY = "libc++";
				CLANG_ENABLE_OBJC_ARC = YES;
				CLANG_WARN_EMPTY_BODY = YES;
				CLANG_WARN__DUPLICATE_METHOD_MATCH = YES;
				"CODE_SIGN_IDENTITY[sdk=iphoneos*]" = "iPhone Developer";
				COPY_PHASE_STRIP = YES;
				GCC_C_LANGUAGE_STANDARD = gnu99;
				GCC_WARN_ABOUT_RETURN_TYPE = YES;
				GCC_WARN_UNINITIALIZED_AUTOS = YES;
				GCC_WARN_UNUSED_VARIABLE = YES;
				IPHONEOS_DEPLOYMENT_TARGET = 6.0;
				OTHER_CFLAGS = "-DNS_BLOCK_ASSERTIONS=1";
				SDKROOT = iphoneos;
				TARGETED_DEVICE_FAMILY = "1,2";
				VALIDATE_PRODUCT = YES;
			};
			name = Release;
		};
		CACD8C14165CF66C00AE1E6E /* Debug */ = {
			isa = XCBuildConfiguration;
			buildSettings = {
				CODE_SIGN_IDENTITY = "iPhone Distribution: JIA YUNLONG";
				FRAMEWORK_SEARCH_PATHS = (
					"$(inherited)",
					"\"$(SRCROOT)\"",
				);
				GCC_PRECOMPILE_PREFIX_HEADER = YES;
				GCC_PREFIX_HEADER = "PresentationLayer/2016Olympics-Prefix.pch";
				INFOPLIST_FILE = "PresentationLayer/2016Olympics-Info.plist";
				IPHONEOS_DEPLOYMENT_TARGET = 6.0;
				LIBRARY_SEARCH_PATHS = (
					"$(inherited)",
					"\"$(SRCROOT)/GoogleAdMobAdsSdkiOS\"",
				);
				OTHER_LDFLAGS = "-ObjC";
				PRODUCT_NAME = 2016Olympics;
				PROVISIONING_PROFILE = "0B299797-8DBE-4A8F-B46C-0709E8F06F00";
				USER_HEADER_SEARCH_PATHS = "$(BUILT_PRODUCTS_DIR)/**";
				WRAPPER_EXTENSION = app;
			};
			name = Debug;
		};
		CACD8C15165CF66C00AE1E6E /* Release */ = {
			isa = XCBuildConfiguration;
			buildSettings = {
				CODE_SIGN_IDENTITY = "iPhone Distribution: JIA YUNLONG";
				"CODE_SIGN_IDENTITY[sdk=iphoneos*]" = "iPhone Developer";
				FRAMEWORK_SEARCH_PATHS = (
					"$(inherited)",
					"\"$(SRCROOT)\"",
				);
				GCC_PRECOMPILE_PREFIX_HEADER = YES;
				GCC_PREFIX_HEADER = "PresentationLayer/2016Olympics-Prefix.pch";
				INFOPLIST_FILE = "PresentationLayer/2016Olympics-Info.plist";
				IPHONEOS_DEPLOYMENT_TARGET = 6.0;
				LIBRARY_SEARCH_PATHS = (
					"$(inherited)",
					"\"$(SRCROOT)/GoogleAdMobAdsSdkiOS\"",
				);
				OTHER_LDFLAGS = "-ObjC";
				PRODUCT_NAME = 2016Olympics;
				PROVISIONING_PROFILE = "0B299797-8DBE-4A8F-B46C-0709E8F06F00";
				"PROVISIONING_PROFILE[sdk=iphoneos*]" = "5FD7AD9A-FF34-40C2-9DAC-2733C5505810";
				USER_HEADER_SEARCH_PATHS = "$(BUILT_PRODUCTS_DIR)/**";
				WRAPPER_EXTENSION = app;
			};
			name = Release;
		};
/* End XCBuildConfiguration section */

/* Begin XCConfigurationList section */
		CACD8BE6165CF66C00AE1E6E /* Build configuration list for PBXProject "2016Olympics" */ = {
			isa = XCConfigurationList;
			buildConfigurations = (
				CACD8C11165CF66C00AE1E6E /* Debug */,
				CACD8C12165CF66C00AE1E6E /* Release */,
			);
			defaultConfigurationIsVisible = 0;
			defaultConfigurationName = Release;
		};
		CACD8C13165CF66C00AE1E6E /* Build configuration list for PBXNativeTarget "2016Olympics" */ = {
			isa = XCConfigurationList;
			buildConfigurations = (
				CACD8C14165CF66C00AE1E6E /* Debug */,
				CACD8C15165CF66C00AE1E6E /* Release */,
			);
			defaultConfigurationIsVisible = 0;
			defaultConfigurationName = Release;
		};
/* End XCConfigurationList section */
	};
	rootObject = CACD8BE3165CF66C00AE1E6E /* Project object */;
}
